
Microsoft Visual Studio Solution File, Format Version 12.00
# Visual Studio Version 17
VisualStudioVersion = 17.14.36401.2 d17.14
MinimumVisualStudioVersion = 10.0.40219.1
Project("{9A19103F-16F7-4668-BE54-9A1E7A4F7556}") = "Todo.Api", "Todo.Api\Todo.Api.csproj", "{0A05F409-8FA1-498F-9BFF-31142D865F26}"
EndProject
Project("{FAE04EC0-301F-11D3-BF4B-00C04F79EFBC}") = "Todo.Tests", "Todo.Tests\Todo.Tests.csproj", "{09F259E6-3BB3-41EC-BF8F-1B8A3DB1F969}"
EndProject
Global
	GlobalSection(SolutionConfigurationPlatforms) = preSolution
		Debug|Any CPU = Debug|Any CPU
		Release|Any CPU = Release|Any CPU
	EndGlobalSection
	GlobalSection(ProjectConfigurationPlatforms) = postSolution
		{0A05F409-8FA1-498F-9BFF-31142D865F26}.Debug|Any CPU.ActiveCfg = Debug|Any CPU
		{0A05F409-8FA1-498F-9BFF-31142D865F26}.Debug|Any CPU.Build.0 = Debug|Any CPU
		{0A05F409-8FA1-498F-9BFF-31142D865F26}.Release|Any CPU.ActiveCfg = Release|Any CPU
		{0A05F409-8FA1-498F-9BFF-31142D865F26}.Release|Any CPU.Build.0 = Release|Any CPU
		{09F259E6-3BB3-41EC-BF8F-1B8A3DB1F969}.Debug|Any CPU.ActiveCfg = Debug|Any CPU
		{09F259E6-3BB3-41EC-BF8F-1B8A3DB1F969}.Debug|Any CPU.Build.0 = Debug|Any CPU
		{09F259E6-3BB3-41EC-BF8F-1B8A3DB1F969}.Release|Any CPU.ActiveCfg = Release|Any CPU
		{09F259E6-3BB3-41EC-BF8F-1B8A3DB1F969}.Release|Any CPU.Build.0 = Release|Any CPU
	EndGlobalSection
	GlobalSection(SolutionProperties) = preSolution
		HideSolutionNode = FALSE
	EndGlobalSection
	GlobalSection(ExtensibilityGlobals) = postSolution
		SolutionGuid = {D0CA6128-6D5B-45F2-9EB1-3A62C65D4912}
	EndGlobalSection
EndGlobal
